
Microsoft Visual Studio Solution File, Format Version 12.00
# Visual Studio 15
VisualStudioVersion = 15.0.28010.2041
MinimumVisualStudioVersion = 10.0.40219.1
Project("{FAE04EC0-301F-11D3-BF4B-00C04F79EFBC}") = "AdminApp", "AdminApp\AdminApp.csproj", "{904A3DAA-4D2D-43EB-A95D-90817213D3F6}"
EndProject
Global
	GlobalSection(SolutionConfigurationPlatforms) = preSolution
		Debug|Any CPU = Debug|Any CPU
		Release|Any CPU = Release|Any CPU
	EndGlobalSection
	GlobalSection(ProjectConfigurationPlatforms) = postSolution
		{904A3DAA-4D2D-43EB-A95D-90817213D3F6}.Debug|Any CPU.ActiveCfg = Debug|Any CPU
		{904A3DAA-4D2D-43EB-A95D-90817213D3F6}.Debug|Any CPU.Build.0 = Debug|Any CPU
		{904A3DAA-4D2D-43EB-A95D-90817213D3F6}.Release|Any CPU.ActiveCfg = Release|Any CPU
		{904A3DAA-4D2D-43EB-A95D-90817213D3F6}.Release|Any CPU.Build.0 = Release|Any CPU
	EndGlobalSection
	GlobalSection(SolutionProperties) = preSolution
		HideSolutionNode = FALSE
	EndGlobalSection
	GlobalSection(ExtensibilityGlobals) = postSolution
		SolutionGuid = {737792A7-5CB0-4CB7-B1FD-81644FA313C2}
	EndGlobalSection
EndGlobal
